
Microsoft Visual Studio Solution File, Format Version 12.00
# Visual Studio Version 17
VisualStudioVersion = 17.11.35327.3
MinimumVisualStudioVersion = 10.0.40219.1
Project("{8BC9CEB8-8B4A-11D0-8D11-00A0C91BC942}") = "Bai1", "Bai1\Bai1.vcxproj", "{F9A496A0-A8D2-4D9C-977A-9969029D4CC6}"
EndProject
Project("{8BC9CEB8-8B4A-11D0-8D11-00A0C91BC942}") = "Bai2", "Bai2\Bai2.vcxproj", "{9DD4BE5A-5555-4FC3-936D-343D841585B0}"
EndProject
Project("{8BC9CEB8-8B4A-11D0-8D11-00A0C91BC942}") = "Bai3", "Bai3\Bai3.vcxproj", "{5E07F922-6A6C-4BA5-A23A-3D84782B3974}"
EndProject
Project("{8BC9CEB8-8B4A-11D0-8D11-00A0C91BC942}") = "Bai4", "Bai4\Bai4.vcxproj", "{0C01FEF1-B097-43BE-9E15-DB4B1374B6BC}"
EndProject
Project("{8BC9CEB8-8B4A-11D0-8D11-00A0C91BC942}") = "Bai5", "Bai5\Bai5.vcxproj", "{1136AA11-2C57-4713-9982-E0D12B75F04F}"
EndProject
Project("{8BC9CEB8-8B4A-11D0-8D11-00A0C91BC942}") = "Bai6", "Bai6\Bai6.vcxproj", "{1EBD2052-B60B-4E55-B5C9-231C47CDC6A2}"
EndProject
Project("{8BC9CEB8-8B4A-11D0-8D11-00A0C91BC942}") = "Bai7", "Bai7\Bai7.vcxproj", "{CFDA3A4E-211F-4729-80B6-BF742745355C}"
EndProject
Project("{8BC9CEB8-8B4A-11D0-8D11-00A0C91BC942}") = "Bai8", "Bai8\Bai8.vcxproj", "{26FAA725-E42F-4E47-B001-FE7BC49C8794}"
EndProject
Global
	GlobalSection(SolutionConfigurationPlatforms) = preSolution
		Debug|x64 = Debug|x64
		Debug|x86 = Debug|x86
		Release|x64 = Release|x64
		Release|x86 = Release|x86
	EndGlobalSection
	GlobalSection(ProjectConfigurationPlatforms) = postSolution
		{F9A496A0-A8D2-4D9C-977A-9969029D4CC6}.Debug|x64.ActiveCfg = Debug|x64
		{F9A496A0-A8D2-4D9C-977A-9969029D4CC6}.Debug|x64.Build.0 = Debug|x64
		{F9A496A0-A8D2-4D9C-977A-9969029D4CC6}.Debug|x86.ActiveCfg = Debug|Win32
		{F9A496A0-A8D2-4D9C-977A-9969029D4CC6}.Debug|x86.Build.0 = Debug|Win32
		{F9A496A0-A8D2-4D9C-977A-9969029D4CC6}.Release|x64.ActiveCfg = Release|x64
		{F9A496A0-A8D2-4D9C-977A-9969029D4CC6}.Release|x64.Build.0 = Release|x64
		{F9A496A0-A8D2-4D9C-977A-9969029D4CC6}.Release|x86.ActiveCfg = Release|Win32
		{F9A496A0-A8D2-4D9C-977A-9969029D4CC6}.Release|x86.Build.0 = Release|Win32
		{9DD4BE5A-5555-4FC3-936D-343D841585B0}.Debug|x64.ActiveCfg = Debug|x64
		{9DD4BE5A-5555-4FC3-936D-343D841585B0}.Debug|x64.Build.0 = Debug|x64
		{9DD4BE5A-5555-4FC3-936D-343D841585B0}.Debug|x86.ActiveCfg = Debug|Win32
		{9DD4BE5A-5555-4FC3-936D-343D841585B0}.Debug|x86.Build.0 = Debug|Win32
		{9DD4BE5A-5555-4FC3-936D-343D841585B0}.Release|x64.ActiveCfg = Release|x64
		{9DD4BE5A-5555-4FC3-936D-343D841585B0}.Release|x64.Build.0 = Release|x64
		{9DD4BE5A-5555-4FC3-936D-343D841585B0}.Release|x86.ActiveCfg = Release|Win32
		{9DD4BE5A-5555-4FC3-936D-343D841585B0}.Release|x86.Build.0 = Release|Win32
		{5E07F922-6A6C-4BA5-A23A-3D84782B3974}.Debug|x64.ActiveCfg = Debug|x64
		{5E07F922-6A6C-4BA5-A23A-3D84782B3974}.Debug|x64.Build.0 = Debug|x64
		{5E07F922-6A6C-4BA5-A23A-3D84782B3974}.Debug|x86.ActiveCfg = Debug|Win32
		{5E07F922-6A6C-4BA5-A23A-3D84782B3974}.Debug|x86.Build.0 = Debug|Win32
		{5E07F922-6A6C-4BA5-A23A-3D84782B3974}.Release|x64.ActiveCfg = Release|x64
		{5E07F922-6A6C-4BA5-A23A-3D84782B3974}.Release|x64.Build.0 = Release|x64
		{5E07F922-6A6C-4BA5-A23A-3D84782B3974}.Release|x86.ActiveCfg = Release|Win32
		{5E07F922-6A6C-4BA5-A23A-3D84782B3974}.Release|x86.Build.0 = Release|Win32
		{0C01FEF1-B097-43BE-9E15-DB4B1374B6BC}.Debug|x64.ActiveCfg = Debug|x64
		{0C01FEF1-B097-43BE-9E15-DB4B1374B6BC}.Debug|x64.Build.0 = Debug|x64
		{0C01FEF1-B097-43BE-9E15-DB4B1374B6BC}.Debug|x86.ActiveCfg = Debug|Win32
		{0C01FEF1-B097-43BE-9E15-DB4B1374B6BC}.Debug|x86.Build.0 = Debug|Win32
		{0C01FEF1-B097-43BE-9E15-DB4B1374B6BC}.Release|x64.ActiveCfg = Release|x64
		{0C01FEF1-B097-43BE-9E15-DB4B1374B6BC}.Release|x64.Build.0 = Release|x64
		{0C01FEF1-B097-43BE-9E15-DB4B1374B6BC}.Release|x86.ActiveCfg = Release|Win32
		{0C01FEF1-B097-43BE-9E15-DB4B1374B6BC}.Release|x86.Build.0 = Release|Win32
		{1136AA11-2C57-4713-9982-E0D12B75F04F}.Debug|x64.ActiveCfg = Debug|x64
		{1136AA11-2C57-4713-9982-E0D12B75F04F}.Debug|x64.Build.0 = Debug|x64
		{1136AA11-2C57-4713-9982-E0D12B75F04F}.Debug|x86.ActiveCfg = Debug|Win32
		{1136AA11-2C57-4713-9982-E0D12B75F04F}.Debug|x86.Build.0 = Debug|Win32
		{1136AA11-2C57-4713-9982-E0D12B75F04F}.Release|x64.ActiveCfg = Release|x64
		{1136AA11-2C57-4713-9982-E0D12B75F04F}.Release|x64.Build.0 = Release|x64
		{1136AA11-2C57-4713-9982-E0D12B75F04F}.Release|x86.ActiveCfg = Release|Win32
		{1136AA11-2C57-4713-9982-E0D12B75F04F}.Release|x86.Build.0 = Release|Win32
		{1EBD2052-B60B-4E55-B5C9-231C47CDC6A2}.Debug|x64.ActiveCfg = Debug|x64
		{1EBD2052-B60B-4E55-B5C9-231C47CDC6A2}.Debug|x64.Build.0 = Debug|x64
		{1EBD2052-B60B-4E55-B5C9-231C47CDC6A2}.Debug|x86.ActiveCfg = Debug|Win32
		{1EBD2052-B60B-4E55-B5C9-231C47CDC6A2}.Debug|x86.Build.0 = Debug|Win32
		{1EBD2052-B60B-4E55-B5C9-231C47CDC6A2}.Release|x64.ActiveCfg = Release|x64
		{1EBD2052-B60B-4E55-B5C9-231C47CDC6A2}.Release|x64.Build.0 = Release|x64
		{1EBD2052-B60B-4E55-B5C9-231C47CDC6A2}.Release|x86.ActiveCfg = Release|Win32
		{1EBD2052-B60B-4E55-B5C9-231C47CDC6A2}.Release|x86.Build.0 = Release|Win32
		{CFDA3A4E-211F-4729-80B6-BF742745355C}.Debug|x64.ActiveCfg = Debug|x64
		{CFDA3A4E-211F-4729-80B6-BF742745355C}.Debug|x64.Build.0 = Debug|x64
		{CFDA3A4E-211F-4729-80B6-BF742745355C}.Debug|x86.ActiveCfg = Debug|Win32
		{CFDA3A4E-211F-4729-80B6-BF742745355C}.Debug|x86.Build.0 = Debug|Win32
		{CFDA3A4E-211F-4729-80B6-BF742745355C}.Release|x64.ActiveCfg = Release|x64
		{CFDA3A4E-211F-4729-80B6-BF742745355C}.Release|x64.Build.0 = Release|x64
		{CFDA3A4E-211F-4729-80B6-BF742745355C}.Release|x86.ActiveCfg = Release|Win32
		{CFDA3A4E-211F-4729-80B6-BF742745355C}.Release|x86.Build.0 = Release|Win32
		{26FAA725-E42F-4E47-B001-FE7BC49C8794}.Debug|x64.ActiveCfg = Debug|x64
		{26FAA725-E42F-4E47-B001-FE7BC49C8794}.Debug|x64.Build.0 = Debug|x64
		{26FAA725-E42F-4E47-B001-FE7BC49C8794}.Debug|x86.ActiveCfg = Debug|Win32
		{26FAA725-E42F-4E47-B001-FE7BC49C8794}.Debug|x86.Build.0 = Debug|Win32
		{26FAA725-E42F-4E47-B001-FE7BC49C8794}.Release|x64.ActiveCfg = Release|x64
		{26FAA725-E42F-4E47-B001-FE7BC49C8794}.Release|x64.Build.0 = Release|x64
		{26FAA725-E42F-4E47-B001-FE7BC49C8794}.Release|x86.ActiveCfg = Release|Win32
		{26FAA725-E42F-4E47-B001-FE7BC49C8794}.Release|x86.Build.0 = Release|Win32
	EndGlobalSection
	GlobalSection(SolutionProperties) = preSolution
		HideSolutionNode = FALSE
	EndGlobalSection
	GlobalSection(ExtensibilityGlobals) = postSolution
		SolutionGuid = {DB58EA7F-D78F-4C5B-B65C-E4C6149C94DB}
	EndGlobalSection
EndGlobal
